// !$*UTF8*$!
{
	archiveVersion = 1;
	classes = {
	};
	objectVersion = 56;
	objects = {

/* Begin PBXBuildFile section */
		8F1DF1D3292BB1910053158D /* AppDelegate.swift in Sources */ = {isa = PBXBuildFile; fileRef = 8F1DF1D2292BB1910053158D /* AppDelegate.swift */; };
		8F1DF1D5292BB1910053158D /* SceneDelegate.swift in Sources */ = {isa = PBXBuildFile; fileRef = 8F1DF1D4292BB1910053158D /* SceneDelegate.swift */; };
		8F1DF1D7292BB1910053158D /* ViewController.swift in Sources */ = {isa = PBXBuildFile; fileRef = 8F1DF1D6292BB1910053158D /* ViewController.swift */; };
		8F1DF1DA292BB1910053158D /* Main.storyboard in Resources */ = {isa = PBXBuildFile; fileRef = 8F1DF1D8292BB1910053158D /* Main.storyboard */; };
		8F1DF1DC292BB1930053158D /* Assets.xcassets in Resources */ = {isa = PBXBuildFile; fileRef = 8F1DF1DB292BB1930053158D /* Assets.xcassets */; };
		8F1DF1DF292BB1930053158D /* LaunchScreen.storyboard in Resources */ = {isa = PBXBuildFile; fileRef = 8F1DF1DD292BB1930053158D /* LaunchScreen.storyboard */; };
		8F1DF1E7292BB1D40053158D /* StaticTableViewController.swift in Sources */ = {isa = PBXBuildFile; fileRef = 8F1DF1E6292BB1D40053158D /* StaticTableViewController.swift */; };
		8FDA6D8A292E4ACA009293EA /* StaticTableViewWithEnum.swift in Sources */ = {isa = PBXBuildFile; fileRef = 8FDA6D89292E4ACA009293EA /* StaticTableViewWithEnum.swift */; };
/* End PBXBuildFile section */

/* Begin PBXFileReference section */
		8F1DF1CF292BB1910053158D /* staticTableView.app */ = {isa = PBXFileReference; explicitFileType = wrapper.application; includeInIndex = 0; path = staticTableView.app; sourceTree = BUILT_PRODUCTS_DIR; };
		8F1DF1D2292BB1910053158D /* AppDelegate.swift */ = {isa = PBXFileReference; lastKnownFileType = sourcecode.swift; path = AppDelegate.swift; sourceTree = "<group>"; };
		8F1DF1D4292BB1910053158D /* SceneDelegate.swift */ = {isa = PBXFileReference; lastKnownFileType = sourcecode.swift; path = SceneDelegate.swift; sourceTree = "<group>"; };
		8F1DF1D6292BB1910053158D /* ViewController.swift */ = {isa = PBXFileReference; lastKnownFileType = sourcecode.swift; path = ViewController.swift; sourceTree = "<group>"; };
		8F1DF1D9292BB1910053158D /* Base */ = {isa = PBXFileReference; lastKnownFileType = file.storyboard; name = Base; path = Base.lproj/Main.storyboard; sourceTree = "<group>"; };
		8F1DF1DB292BB1930053158D /* Assets.xcassets */ = {isa = PBXFileReference; lastKnownFileType = folder.assetcatalog; path = Assets.xcassets; sourceTree = "<group>"; };
		8F1DF1DE292BB1930053158D /* Base */ = {isa = PBXFileReference; lastKnownFileType = file.storyboard; name = Base; path = Base.lproj/LaunchScreen.storyboard; sourceTree = "<group>"; };
		8F1DF1E0292BB1930053158D /* Info.plist */ = {isa = PBXFileReference; lastKnownFileType = text.plist.xml; path = Info.plist; sourceTree = "<group>"; };
		8F1DF1E6292BB1D40053158D /* StaticTableViewController.swift */ = {isa = PBXFileReference; lastKnownFileType = sourcecode.swift; path = StaticTableViewController.swift; sourceTree = "<group>"; };
		8FDA6D89292E4ACA009293EA /* StaticTableViewWithEnum.swift */ = {isa = PBXFileReference; lastKnownFileType = sourcecode.swift; path = StaticTableViewWithEnum.swift; sourceTree = "<group>"; };
/* End PBXFileReference section */

/* Begin PBXFrameworksBuildPhase section */
		8F1DF1CC292BB1910053158D /* Frameworks */ = {
			isa = PBXFrameworksBuildPhase;
			buildActionMask = 2147483647;
			files = (
			);
			runOnlyForDeploymentPostprocessing = 0;
		};
/* End PBXFrameworksBuildPhase section */

/* Begin PBXGroup section */
		8F1DF1C6292BB1910053158D = {
			isa = PBXGroup;
			children = (
				8F1DF1D1292BB1910053158D /* staticTableView */,
				8F1DF1D0292BB1910053158D /* Products */,
			);
			sourceTree = "<group>";
		};
		8F1DF1D0292BB1910053158D /* Products */ = {
			isa = PBXGroup;
			children = (
				8F1DF1CF292BB1910053158D /* staticTableView.app */,
			);
			name = Products;
			sourceTree = "<group>";
		};
		8F1DF1D1292BB1910053158D /* staticTableView */ = {
			isa = PBXGroup;
			children = (
				8F1DF1D2292BB1910053158D /* AppDelegate.swift */,
				8F1DF1D4292BB1910053158D /* SceneDelegate.swift */,
				8F1DF1E6292BB1D40053158D /* StaticTableViewController.swift */,
				8FDA6D89292E4ACA009293EA /* StaticTableViewWithEnum.swift */,
				8F1DF1D6292BB1910053158D /* ViewController.swift */,
				8F1DF1D8292BB1910053158D /* Main.storyboard */,
				8F1DF1DB292BB1930053158D /* Assets.xcassets */,
				8F1DF1DD292BB1930053158D /* LaunchScreen.storyboard */,
				8F1DF1E0292BB1930053158D /* Info.plist */,
			);
			path = staticTableView;
			sourceTree = "<group>";
		};
/* End PBXGroup section */

/* Begin PBXNativeTarget section */
		8F1DF1CE292BB1910053158D /* staticTableView */ = {
			isa = PBXNativeTarget;
			buildConfigurationList = 8F1DF1E3292BB1930053158D /* Build configuration list for PBXNativeTarget "staticTableView" */;
			buildPhases = (
				8F1DF1CB292BB1910053158D /* Sources */,
				8F1DF1CC292BB1910053158D /* Frameworks */,
				8F1DF1CD292BB1910053158D /* Resources */,
			);
			buildRules = (
			);
			dependencies = (
			);
			name = staticTableView;
			productName = staticTableView;
			productReference = 8F1DF1CF292BB1910053158D /* staticTableView.app */;
			productType = "com.apple.product-type.application";
		};
/* End PBXNativeTarget section */

/* Begin PBXProject section */
		8F1DF1C7292BB1910053158D /* Project object */ = {
			isa = PBXProject;
			attributes = {
				BuildIndependentTargetsInParallel = 1;
				LastSwiftUpdateCheck = 1400;
				LastUpgradeCheck = 1400;
				TargetAttributes = {
					8F1DF1CE292BB1910053158D = {
						CreatedOnToolsVersion = 14.0.1;
					};
				};
			};
			buildConfigurationList = 8F1DF1CA292BB1910053158D /* Build configuration list for PBXProject "staticTableView" */;
			compatibilityVersion = "Xcode 14.0";
			developmentRegion = en;
			hasScannedForEncodings = 0;
			knownRegions = (
				en,
				Base,
			);
			mainGroup = 8F1DF1C6292BB1910053158D;
			productRefGroup = 8F1DF1D0292BB1910053158D /* Products */;
			projectDirPath = "";
			projectRoot = "";
			targets = (
				8F1DF1CE292BB1910053158D /* staticTableView */,
			);
		};
/* End PBXProject section */

/* Begin PBXResourcesBuildPhase section */
		8F1DF1CD292BB1910053158D /* Resources */ = {
			isa = PBXResourcesBuildPhase;
			buildActionMask = 2147483647;
			files = (
				8F1DF1DF292BB1930053158D /* LaunchScreen.storyboard in Resources */,
				8F1DF1DC292BB1930053158D /* Assets.xcassets in Resources */,
				8F1DF1DA292BB1910053158D /* Main.storyboard in Resources */,
			);
			runOnlyForDeploymentPostprocessing = 0;
		};
/* End PBXResourcesBuildPhase section */

/* Begin PBXSourcesBuildPhase section */
		8F1DF1CB292BB1910053158D /* Sources */ = {
			isa = PBXSourcesBuildPhase;
			buildActionMask = 2147483647;
			files = (
				8F1DF1D7292BB1910053158D /* ViewController.swift in Sources */,
				8F1DF1E7292BB1D40053158D /* StaticTableViewController.swift in Sources */,
				8FDA6D8A292E4ACA009293EA /* StaticTableViewWithEnum.swift in Sources */,
				8F1DF1D3292BB1910053158D /* AppDelegate.swift in Sources */,
				8F1DF1D5292BB1910053158D /* SceneDelegate.swift in Sources */,
			);
			runOnlyForDeploymentPostprocessing = 0;
		};
/* End PBXSourcesBuildPhase section */

/* Begin PBXVariantGroup section */
		8F1DF1D8292BB1910053158D /* Main.storyboard */ = {
			isa = PBXVariantGroup;
			children = (
				8F1DF1D9292BB1910053158D /* Base */,
			);
			name = Main.storyboard;
			sourceTree = "<group>";
		};
		8F1DF1DD292BB1930053158D /* LaunchScreen.storyboard */ = {
			isa = PBXVariantGroup;
			children = (
				8F1DF1DE292BB1930053158D /* Base */,
			);
			name = LaunchScreen.storyboard;
			sourceTree = "<group>";
		};
/* End PBXVariantGroup section */

/* Begin XCBuildConfiguration section */
		8F1DF1E1292BB1930053158D /* Debug */ = {
			isa = XCBuildConfiguration;
			buildSettings = {
				ALWAYS_SEARCH_USER_PATHS = NO;
				CLANG_ANALYZER_NONNULL = YES;
				CLANG_ANALYZER_NUMBER_OBJECT_CONVERSION = YES_AGGRESSIVE;
				CLANG_CXX_LANGUAGE_STANDARD = "gnu++20";
				CLANG_ENABLE_MODULES = YES;
				CLANG_ENABLE_OBJC_ARC = YES;
				CLANG_ENABLE_OBJC_WEAK = YES;
				CLANG_WARN_BLOCK_CAPTURE_AUTORELEASING = YES;
				CLANG_WARN_BOOL_CONVERSION = YES;
				CLANG_WARN_COMMA = YES;
				CLANG_WARN_CONSTANT_CONVERSION = YES;
				CLANG_WARN_DEPRECATED_OBJC_IMPLEMENTATIONS = YES;
				CLANG_WARN_DIRECT_OBJC_ISA_USAGE = YES_ERROR;
				CLANG_WARN_DOCUMENTATION_COMMENTS = YES;
				CLANG_WARN_EMPTY_BODY = YES;
				CLANG_WARN_ENUM_CONVERSION = YES;
				CLANG_WARN_INFINITE_RECURSION = YES;
				CLANG_WARN_INT_CONVERSION = YES;
				CLANG_WARN_NON_LITERAL_NULL_CONVERSION = YES;
				CLANG_WARN_OBJC_IMPLICIT_RETAIN_SELF = YES;
				CLANG_WARN_OBJC_LITERAL_CONVERSION = YES;
				CLANG_WARN_OBJC_ROOT_CLASS = YES_ERROR;
				CLANG_WARN_QUOTED_INCLUDE_IN_FRAMEWORK_HEADER = YES;
				CLANG_WARN_RANGE_LOOP_ANALYSIS = YES;
				CLANG_WARN_STRICT_PROTOTYPES = YES;
				CLANG_WARN_SUSPICIOUS_MOVE = YES;
				CLANG_WARN_UNGUARDED_AVAILABILITY = YES_AGGRESSIVE;
				CLANG_WARN_UNREACHABLE_CODE = YES;
				CLANG_WARN__DUPLICATE_METHOD_MATCH = YES;
				COPY_PHASE_STRIP = NO;
				DEBUG_INFORMATION_FORMAT = dwarf;
				ENABLE_STRICT_OBJC_MSGSEND = YES;
				ENABLE_TESTABILITY = YES;
				GCC_C_LANGUAGE_STANDARD = gnu11;
				GCC_DYNAMIC_NO_PIC = NO;
				GCC_NO_COMMON_BLOCKS = YES;
				GCC_OPTIMIZATION_LEVEL = 0;
				GCC_PREPROCESSOR_DEFINITIONS = (
					"DEBUG=1",
					"$(inherited)",
				);
				GCC_WARN_64_TO_32_BIT_CONVERSION = YES;
				GCC_WARN_ABOUT_RETURN_TYPE = YES_ERROR;
				GCC_WARN_UNDECLARED_SELECTOR = YES;
				GCC_WARN_UNINITIALIZED_AUTOS = YES_AGGRESSIVE;
				GCC_WARN_UNUSED_FUNCTION = YES;
				GCC_WARN_UNUSED_VARIABLE = YES;
				IPHONEOS_DEPLOYMENT_TARGET = 16.0;
				MTL_ENABLE_DEBUG_INFO = INCLUDE_SOURCE;
				MTL_FAST_MATH = YES;
				ONLY_ACTIVE_ARCH = YES;
				SDKROOT = iphoneos;
				SWIFT_ACTIVE_COMPILATION_CONDITIONS = DEBUG;
				SWIFT_OPTIMIZATION_LEVEL = "-Onone";
			};
			name = Debug;
		};
		8F1DF1E2292BB1930053158D /* Release */ = {
			isa = XCBuildConfiguration;
			buildSettings = {
				ALWAYS_SEARCH_USER_PATHS = NO;
				CLANG_ANALYZER_NONNULL = YES;
				CLANG_ANALYZER_NUMBER_OBJECT_CONVERSION = YES_AGGRESSIVE;
				CLANG_CXX_LANGUAGE_STANDARD = "gnu++20";
				CLANG_ENABLE_MODULES = YES;
				CLANG_ENABLE_OBJC_ARC = YES;
				CLANG_ENABLE_OBJC_WEAK = YES;
				CLANG_WARN_BLOCK_CAPTURE_AUTORELEASING = YES;
				CLANG_WARN_BOOL_CONVERSION = YES;
				CLANG_WARN_COMMA = YES;
				CLANG_WARN_CONSTANT_CONVERSION = YES;
				CLANG_WARN_DEPRECATED_OBJC_IMPLEMENTATIONS = YES;
				CLANG_WARN_DIRECT_OBJC_ISA_USAGE = YES_ERROR;
				CLANG_WARN_DOCUMENTATION_COMMENTS = YES;
				CLANG_WARN_EMPTY_BODY = YES;
				CLANG_WARN_ENUM_CONVERSION = YES;
				CLANG_WARN_INFINITE_RECURSION = YES;
				CLANG_WARN_INT_CONVERSION = YES;
				CLANG_WARN_NON_LITERAL_NULL_CONVERSION = YES;
				CLANG_WARN_OBJC_IMPLICIT_RETAIN_SELF = YES;
				CLANG_WARN_OBJC_LITERAL_CONVERSION = YES;
				CLANG_WARN_OBJC_ROOT_CLASS = YES_ERROR;
				CLANG_WARN_QUOTED_INCLUDE_IN_FRAMEWORK_HEADER = YES;
				CLANG_WARN_RANGE_LOOP_ANALYSIS = YES;
				CLANG_WARN_STRICT_PROTOTYPES = YES;
				CLANG_WARN_SUSPICIOUS_MOVE = YES;
				CLANG_WARN_UNGUARDED_AVAILABILITY = YES_AGGRESSIVE;
				CLANG_WARN_UNREACHABLE_CODE = YES;
				CLANG_WARN__DUPLICATE_METHOD_MATCH = YES;
				COPY_PHASE_STRIP = NO;
				DEBUG_INFORMATION_FORMAT = "dwarf-with-dsym";
				ENABLE_NS_ASSERTIONS = NO;
				ENABLE_STRICT_OBJC_MSGSEND = YES;
				GCC_C_LANGUAGE_STANDARD = gnu11;
				GCC_NO_COMMON_BLOCKS = YES;
				GCC_WARN_64_TO_32_BIT_CONVERSION = YES;
				GCC_WARN_ABOUT_RETURN_TYPE = YES_ERROR;
				GCC_WARN_UNDECLARED_SELECTOR = YES;
				GCC_WARN_UNINITIALIZED_AUTOS = YES_AGGRESSIVE;
				GCC_WARN_UNUSED_FUNCTION = YES;
				GCC_WARN_UNUSED_VARIABLE = YES;
				IPHONEOS_DEPLOYMENT_TARGET = 16.0;
				MTL_ENABLE_DEBUG_INFO = NO;
				MTL_FAST_MATH = YES;
				SDKROOT = iphoneos;
				SWIFT_COMPILATION_MODE = wholemodule;
				SWIFT_OPTIMIZATION_LEVEL = "-O";
				VALIDATE_PRODUCT = YES;
			};
			name = Release;
		};
		8F1DF1E4292BB1930053158D /* Debug */ = {
			isa = XCBuildConfiguration;
			buildSettings = {
				ASSETCATALOG_COMPILER_APPICON_NAME = AppIcon;
				ASSETCATALOG_COMPILER_GLOBAL_ACCENT_COLOR_NAME = AccentColor;
				CODE_SIGN_STYLE = Automatic;
				CURRENT_PROJECT_VERSION = 1;
				DEVELOPMENT_TEAM = 55P79G57ZS;
				GENERATE_INFOPLIST_FILE = YES;
				INFOPLIST_FILE = staticTableView/Info.plist;
				INFOPLIST_KEY_UIApplicationSupportsIndirectInputEvents = YES;
				INFOPLIST_KEY_UILaunchStoryboardName = LaunchScreen;
				INFOPLIST_KEY_UIMainStoryboardFile = Main;
				INFOPLIST_KEY_UISupportedInterfaceOrientations_iPad = "UIInterfaceOrientationPortrait UIInterfaceOrientationPortraitUpsideDown UIInterfaceOrientationLandscapeLeft UIInterfaceOrientationLandscapeRight";
				INFOPLIST_KEY_UISupportedInterfaceOrientations_iPhone = "UIInterfaceOrientationPortrait UIInterfaceOrientationLandscapeLeft UIInterfaceOrientationLandscapeRight";
				LD_RUNPATH_SEARCH_PATHS = (
					"$(inherited)",
					"@executable_path/Frameworks",
				);
				MARKETING_VERSION = 1.0;
				PRODUCT_BUNDLE_IDENTIFIER = khawarali5.staticTableView;
				PRODUCT_NAME = "$(TARGET_NAME)";
				SWIFT_EMIT_LOC_STRINGS = YES;
				SWIFT_VERSION = 5.0;
				TARGETED_DEVICE_FAMILY = "1,2";
			};
			name = Debug;
		};
		8F1DF1E5292BB1930053158D /* Release */ = {
			isa = XCBuildConfiguration;
			buildSettings = {
				ASSETCATALOG_COMPILER_APPICON_NAME = AppIcon;
				ASSETCATALOG_COMPILER_GLOBAL_ACCENT_COLOR_NAME = AccentColor;
				CODE_SIGN_STYLE = Automatic;
				CURRENT_PROJECT_VERSION = 1;
				DEVELOPMENT_TEAM = 55P79G57ZS;
				GENERATE_INFOPLIST_FILE = YES;
				INFOPLIST_FILE = staticTableView/Info.plist;
				INFOPLIST_KEY_UIApplicationSupportsIndirectInputEvents = YES;
				INFOPLIST_KEY_UILaunchStoryboardName = LaunchScreen;
				INFOPLIST_KEY_UIMainStoryboardFile = Main;
				INFOPLIST_KEY_UISupportedInterfaceOrientations_iPad = "UIInterfaceOrientationPortrait UIInterfaceOrientationPortraitUpsideDown UIInterfaceOrientationLandscapeLeft UIInterfaceOrientationLandscapeRight";
				INFOPLIST_KEY_UISupportedInterfaceOrientations_iPhone = "UIInterfaceOrientationPortrait UIInterfaceOrientationLandscapeLeft UIInterfaceOrientationLandscapeRight";
				LD_RUNPATH_SEARCH_PATHS = (
					"$(inherited)",
					"@executable_path/Frameworks",
				);
				MARKETING_VERSION = 1.0;
				PRODUCT_BUNDLE_IDENTIFIER = khawarali5.staticTableView;
				PRODUCT_NAME = "$(TARGET_NAME)";
				SWIFT_EMIT_LOC_STRINGS = YES;
				SWIFT_VERSION = 5.0;
				TARGETED_DEVICE_FAMILY = "1,2";
			};
			name = Release;
		};
/* End XCBuildConfiguration section */

/* Begin XCConfigurationList section */
		8F1DF1CA292BB1910053158D /* Build configuration list for PBXProject "staticTableView" */ = {
			isa = XCConfigurationList;
			buildConfigurations = (
				8F1DF1E1292BB1930053158D /* Debug */,
				8F1DF1E2292BB1930053158D /* Release */,
			);
			defaultConfigurationIsVisible = 0;
			defaultConfigurationName = Release;
		};
		8F1DF1E3292BB1930053158D /* Build configuration list for PBXNativeTarget "staticTableView" */ = {
			isa = XCConfigurationList;
			buildConfigurations = (
				8F1DF1E4292BB1930053158D /* Debug */,
				8F1DF1E5292BB1930053158D /* Release */,
			);
			defaultConfigurationIsVisible = 0;
			defaultConfigurationName = Release;
		};
/* End XCConfigurationList section */
	};
	rootObject = 8F1DF1C7292BB1910053158D /* Project object */;
}
